Microsoft Visual Studio Solution File, Format Version 12.00
# Visual Studio Version 17
VisualStudioVersion = 17.14.36203.30
MinimumVisualStudioVersion = 10.0.40219.1
Project("{8BC9CEB8-8B4A-11D0-8D11-00A0C91BC942}") = "TasksNowSimple (V1)", "TasksNowSimple.vcxproj", "{A43D3098-18AB-4FCF-B0BE-91FE36F281A7}"
EndProject
Project("{8BC9CEB8-8B4A-11D0-8D11-00A0C91BC942}") = "TNS_Core", "..\TNS_Core\TNS_Core.vcxproj", "{375E0BC8-A0C3-4581-8B7D-6561E4767B9C}"
EndProject
Project("{8BC9CEB8-8B4A-11D0-8D11-00A0C91BC942}") = "TNS_CLI", "..\TNS_CLI\TNS_CLI.vcxproj", "{C673AF6C-31A8-45E7-9D04-0099935DEFFB}"
EndProject
Project("{8BC9CEB8-8B4A-11D0-8D11-00A0C91BC942}") = "TNS_GUI", "..\TNS_GUI\TNS_GUI.vcxproj", "{7FFEDB61-8AC4-46EE-BDB2-69FEF79A1037}"
EndProject
Global
	GlobalSection(SolutionConfigurationPlatforms) = preSolution
		Debug|x64 = Debug|x64
		Debug|x86 = Debug|x86
		Release|x64 = Release|x64
		Release|x86 = Release|x86
	EndGlobalSection
	GlobalSection(ProjectConfigurationPlatforms) = postSolution
		{A43D3098-18AB-4FCF-B0BE-91FE36F281A7}.Debug|x64.ActiveCfg = Debug|x64
		{A43D3098-18AB-4FCF-B0BE-91FE36F281A7}.Debug|x64.Build.0 = Debug|x64
		{A43D3098-18AB-4FCF-B0BE-91FE36F281A7}.Debug|x86.ActiveCfg = Debug|Win32
		{A43D3098-18AB-4FCF-B0BE-91FE36F281A7}.Debug|x86.Build.0 = Debug|Win32
		{A43D3098-18AB-4FCF-B0BE-91FE36F281A7}.Release|x64.ActiveCfg = Release|x64
		{A43D3098-18AB-4FCF-B0BE-91FE36F281A7}.Release|x64.Build.0 = Release|x64
		{A43D3098-18AB-4FCF-B0BE-91FE36F281A7}.Release|x86.ActiveCfg = Release|Win32
		{A43D3098-18AB-4FCF-B0BE-91FE36F281A7}.Release|x86.Build.0 = Release|Win32
		{375E0BC8-A0C3-4581-8B7D-6561E4767B9C}.Debug|x64.ActiveCfg = Debug|x64
		{375E0BC8-A0C3-4581-8B7D-6561E4767B9C}.Debug|x64.Build.0 = Debug|x64
		{375E0BC8-A0C3-4581-8B7D-6561E4767B9C}.Debug|x64.Deploy.0 = Debug|x64
		{375E0BC8-A0C3-4581-8B7D-6561E4767B9C}.Debug|x86.ActiveCfg = Debug|x86
		{375E0BC8-A0C3-4581-8B7D-6561E4767B9C}.Debug|x86.Build.0 = Debug|x86
		{375E0BC8-A0C3-4581-8B7D-6561E4767B9C}.Debug|x86.Deploy.0 = Debug|x86
		{375E0BC8-A0C3-4581-8B7D-6561E4767B9C}.Release|x64.ActiveCfg = Release|x64
		{375E0BC8-A0C3-4581-8B7D-6561E4767B9C}.Release|x64.Build.0 = Release|x64
		{375E0BC8-A0C3-4581-8B7D-6561E4767B9C}.Release|x64.Deploy.0 = Release|x64
		{375E0BC8-A0C3-4581-8B7D-6561E4767B9C}.Release|x86.ActiveCfg = Release|x86
		{375E0BC8-A0C3-4581-8B7D-6561E4767B9C}.Release|x86.Build.0 = Release|x86
		{375E0BC8-A0C3-4581-8B7D-6561E4767B9C}.Release|x86.Deploy.0 = Release|x86
		{C673AF6C-31A8-45E7-9D04-0099935DEFFB}.Debug|x64.ActiveCfg = Debug|x64
		{C673AF6C-31A8-45E7-9D04-0099935DEFFB}.Debug|x64.Build.0 = Debug|x64
		{C673AF6C-31A8-45E7-9D04-0099935DEFFB}.Debug|x86.ActiveCfg = Debug|Win32
		{C673AF6C-31A8-45E7-9D04-0099935DEFFB}.Debug|x86.Build.0 = Debug|Win32
		{C673AF6C-31A8-45E7-9D04-0099935DEFFB}.Release|x64.ActiveCfg = Release|x64
		{C673AF6C-31A8-45E7-9D04-0099935DEFFB}.Release|x64.Build.0 = Release|x64
		{C673AF6C-31A8-45E7-9D04-0099935DEFFB}.Release|x86.ActiveCfg = Release|Win32
		{C673AF6C-31A8-45E7-9D04-0099935DEFFB}.Release|x86.Build.0 = Release|Win32
		{7FFEDB61-8AC4-46EE-BDB2-69FEF79A1037}.Debug|x64.ActiveCfg = Debug|x64
		{7FFEDB61-8AC4-46EE-BDB2-69FEF79A1037}.Debug|x64.Build.0 = Debug|x64
		{7FFEDB61-8AC4-46EE-BDB2-69FEF79A1037}.Debug|x86.ActiveCfg = Debug|Win32
		{7FFEDB61-8AC4-46EE-BDB2-69FEF79A1037}.Debug|x86.Build.0 = Debug|Win32
		{7FFEDB61-8AC4-46EE-BDB2-69FEF79A1037}.Release|x64.ActiveCfg = Release|x64
		{7FFEDB61-8AC4-46EE-BDB2-69FEF79A1037}.Release|x64.Build.0 = Release|x64
		{7FFEDB61-8AC4-46EE-BDB2-69FEF79A1037}.Release|x86.ActiveCfg = Release|Win32
		{7FFEDB61-8AC4-46EE-BDB2-69FEF79A1037}.Release|x86.Build.0 = Release|Win32
	EndGlobalSection
	GlobalSection(SolutionProperties) = preSolution
		HideSolutionNode = FALSE
	EndGlobalSection
	GlobalSection(ExtensibilityGlobals) = postSolution
		SolutionGuid = {8BD000C2-5DDE-4D2C-83E3-D5EABB6F1B54}
	EndGlobalSection
EndGlobal
